Microsoft Visual Studio Solution File, Format Version 12.00
# Visual Studio Version 17
VisualStudioVersion = 17.5.2.0
MinimumVisualStudioVersion = 10.0.40219.1
Project("{FAE04EC0-301F-11D3-BF4B-00C04F79EFBC}") = "Reactor", "Reactor.csproj", "{D7D55EDE-43D5-C39B-4EEE-7F17A0A5AF9B}"
EndProject
Global
	GlobalSection(SolutionConfigurationPlatforms) = preSolution
		Debug|Any CPU = Debug|Any CPU
		Release|Any CPU = Release|Any CPU
	EndGlobalSection
	GlobalSection(ProjectConfigurationPlatforms) = postSolution
		{D7D55EDE-43D5-C39B-4EEE-7F17A0A5AF9B}.Debug|Any CPU.ActiveCfg = Debug|Any CPU
		{D7D55EDE-43D5-C39B-4EEE-7F17A0A5AF9B}.Debug|Any CPU.Build.0 = Debug|Any CPU
		{D7D55EDE-43D5-C39B-4EEE-7F17A0A5AF9B}.Release|Any CPU.ActiveCfg = Release|Any CPU
		{D7D55EDE-43D5-C39B-4EEE-7F17A0A5AF9B}.Release|Any CPU.Build.0 = Release|Any CPU
	EndGlobalSection
	GlobalSection(SolutionProperties) = preSolution
		HideSolutionNode = FALSE
	EndGlobalSection
	GlobalSection(ExtensibilityGlobals) = postSolution
		SolutionGuid = {1B7D87DE-AFF1-4083-B4B2-0FA5CE0A9B43}
	EndGlobalSection
EndGlobal
